
Microsoft Visual Studio Solution File, Format Version 12.00
Project("{FAE04EC0-301F-11D3-BF4B-00C04F79EFBC}") = "LegacyUserSystem", "LegacyUserSystem\LegacyUserSystem.csproj", "{6F213AB8-92CD-4A36-81EE-4581713731BA}"
EndProject
Global
	GlobalSection(SolutionConfigurationPlatforms) = preSolution
		Debug|Any CPU = Debug|Any CPU
		Release|Any CPU = Release|Any CPU
	EndGlobalSection
	GlobalSection(ProjectConfigurationPlatforms) = postSolution
		{6F213AB8-92CD-4A36-81EE-4581713731BA}.Debug|Any CPU.ActiveCfg = Debug|Any CPU
		{6F213AB8-92CD-4A36-81EE-4581713731BA}.Debug|Any CPU.Build.0 = Debug|Any CPU
		{6F213AB8-92CD-4A36-81EE-4581713731BA}.Release|Any CPU.ActiveCfg = Release|Any CPU
		{6F213AB8-92CD-4A36-81EE-4581713731BA}.Release|Any CPU.Build.0 = Release|Any CPU
	EndGlobalSection
EndGlobal
